
Microsoft Visual Studio Solution File, Format Version 12.00
# Visual Studio Version 17
VisualStudioVersion = 17.3.32922.545
MinimumVisualStudioVersion = 10.0.40219.1
Project("{FAE04EC0-301F-11D3-BF4B-00C04F79EFBC}") = "Lab12WpfApp", "Lab12WpfApp.csproj", "{6ED06C35-E78E-499E-8864-9643410609B9}"
EndProject
Global
	GlobalSection(SolutionConfigurationPlatforms) = preSolution
		Debug|Any CPU = Debug|Any CPU
		Release|Any CPU = Release|Any CPU
	EndGlobalSection
	GlobalSection(ProjectConfigurationPlatforms) = postSolution
		{6ED06C35-E78E-499E-8864-9643410609B9}.Debug|Any CPU.ActiveCfg = Debug|Any CPU
		{6ED06C35-E78E-499E-8864-9643410609B9}.Debug|Any CPU.Build.0 = Debug|Any CPU
		{6ED06C35-E78E-499E-8864-9643410609B9}.Release|Any CPU.ActiveCfg = Release|Any CPU
		{6ED06C35-E78E-499E-8864-9643410609B9}.Release|Any CPU.Build.0 = Release|Any CPU
	EndGlobalSection
	GlobalSection(SolutionProperties) = preSolution
		HideSolutionNode = FALSE
	EndGlobalSection
	GlobalSection(ExtensibilityGlobals) = postSolution
		SolutionGuid = {B2B454FA-1E43-4B15-98CC-01763BCB14CF}
	EndGlobalSection
EndGlobal
